
Microsoft Visual Studio Solution File, Format Version 12.00
# Visual Studio Version 16
VisualStudioVersion = 16.0.30114.105
MinimumVisualStudioVersion = 10.0.40219.1
Project("{2150E333-8FDC-42A3-9474-1A3956D46DE8}") = "APIServer", "APIServer", "{CB50409A-8429-4413-BCDB-7F3BAE571294}"
EndProject
Project("{FAE04EC0-301F-11D3-BF4B-00C04F79EFBC}") = "APIServer", "APIServer\API\APIServer.csproj", "{E3E449A7-E9A4-484D-B1E4-BEB9AA5E28E4}"
EndProject
Project("{FAE04EC0-301F-11D3-BF4B-00C04F79EFBC}") = "APIServer.Aplication", "APIServer\Aplication\APIServer.Aplication.csproj", "{43054685-3EE9-470D-83B4-204A2590B90B}"
EndProject
Project("{FAE04EC0-301F-11D3-BF4B-00C04F79EFBC}") = "APIServer.Domain", "APIServer\Domain\APIServer.Domain.csproj", "{C81CBD71-AC90-4F75-A2F1-721CC8B7F19A}"
EndProject
Project("{FAE04EC0-301F-11D3-BF4B-00C04F79EFBC}") = "APIServer.Persistence", "APIServer\Persistence\APIServer.Persistence.csproj", "{0B0075BD-EFC5-45CE-BAAA-FFBD016756DD}"
EndProject
Project("{2150E333-8FDC-42A3-9474-1A3956D46DE8}") = "BFF", "BFF", "{ACAB687A-4DE1-48FA-9FCC-BEA7A0DC9CFE}"
EndProject
Project("{FAE04EC0-301F-11D3-BF4B-00C04F79EFBC}") = "BFF", "BFF\API\BFF.csproj", "{B808F7E4-EC28-4452-835D-5B59997ABD79}"
EndProject
Project("{FAE04EC0-301F-11D3-BF4B-00C04F79EFBC}") = "BFF.Domain", "BFF\Domain\BFF.Domain.csproj", "{2198FD19-0C78-4298-B40E-72B3892EAE4D}"
EndProject
Project("{2150E333-8FDC-42A3-9474-1A3956D46DE8}") = "IdentityServer", "IdentityServer", "{31D10FDB-9CC0-40E1-AFAC-7B13E538C3E7}"
EndProject
Project("{FAE04EC0-301F-11D3-BF4B-00C04F79EFBC}") = "IdentityServer", "IdentityServer\API\IdentityServer.csproj", "{3C4FBD04-DA8B-413F-8D06-D960C27213E7}"
EndProject
Project("{FAE04EC0-301F-11D3-BF4B-00C04F79EFBC}") = "Aplication", "IdentityServer\Aplication\Aplication.csproj", "{11AAB854-F75C-4D44-BFBF-787127442944}"
EndProject
Project("{FAE04EC0-301F-11D3-BF4B-00C04F79EFBC}") = "Domain", "IdentityServer\Domain\Domain.csproj", "{9369C3BC-5B9F-490A-8E37-DC2B6D832D60}"
EndProject
Project("{FAE04EC0-301F-11D3-BF4B-00C04F79EFBC}") = "Persistence", "IdentityServer\Persistence\Persistence.csproj", "{A04E74C4-7638-4062-895C-171934151433}"
EndProject
Project("{2150E333-8FDC-42A3-9474-1A3956D46DE8}") = "Shared", "Shared", "{437AD18F-7110-417A-ADAC-31D08866BD03}"
EndProject
Project("{FAE04EC0-301F-11D3-BF4B-00C04F79EFBC}") = "Shared.Api", "Shared\API\Shared.Api.csproj", "{CF0CB5A8-1537-471A-BFFC-ECCA004EBB76}"
EndProject
Project("{FAE04EC0-301F-11D3-BF4B-00C04F79EFBC}") = "Shared.Aplication", "Shared\Aplication\Shared.Aplication.csproj", "{6776AB5A-14A2-4396-8F3E-AFB3D4EABE45}"
EndProject
Project("{FAE04EC0-301F-11D3-BF4B-00C04F79EFBC}") = "Shared.Domain", "Shared\Domain\Shared.Domain.csproj", "{CE97C392-0F7C-4F5D-B701-297D6AB2053F}"
EndProject
Project("{FAE04EC0-301F-11D3-BF4B-00C04F79EFBC}") = "Shared.Persistence", "Shared\Persistence\Shared.Persistence.csproj", "{76447AA1-ED28-4821-B338-E95585EA8662}"
EndProject
Project("{2150E333-8FDC-42A3-9474-1A3956D46DE8}") = "Tests", "Tests", "{67E3B7C2-7217-4E6C-A821-5559209166E2}"
EndProject
Project("{FAE04EC0-301F-11D3-BF4B-00C04F79EFBC}") = "APIServer.Apilication.IntegrationTests", "Tests\APIServer.Aplication.Integration\APIServer.Apilication.IntegrationTests.csproj", "{E4BF40D8-53FA-41CA-AB57-D055A55949F4}"
EndProject
Project("{FAE04EC0-301F-11D3-BF4B-00C04F79EFBC}") = "APIServer.Aplication.UnitTests", "Tests\APIServer.Aplication.Unit\APIServer.Aplication.UnitTests.csproj", "{8F4022B5-957B-4677-B0B9-6270535B78A2}"
EndProject
Project("{FAE04EC0-301F-11D3-BF4B-00C04F79EFBC}") = "APIServer.API.Integration.Tests", "Tests\APIServer.API.Integration.Tests\APIServer.API.Integration.Tests.csproj", "{85D85532-1CCB-430B-81C1-920CC42643AE}"
EndProject
Project("{9A19103F-16F7-4668-BE54-9A1E7A4F7556}") = "_build", "..\.build\_build.csproj", "{6BE50427-7C54-45DC-8DF8-F4FF397F5479}"
EndProject
Global
	GlobalSection(SolutionConfigurationPlatforms) = preSolution
		Debug|Any CPU = Debug|Any CPU
		Debug|x64 = Debug|x64
		Debug|x86 = Debug|x86
		Release|Any CPU = Release|Any CPU
		Release|x64 = Release|x64
		Release|x86 = Release|x86
	EndGlobalSection
	GlobalSection(SolutionProperties) = preSolution
		HideSolutionNode = FALSE
	EndGlobalSection
	GlobalSection(ProjectConfigurationPlatforms) = postSolution
		{6BE50427-7C54-45DC-8DF8-F4FF397F5479}.Debug|Any CPU.ActiveCfg = Debug|Any CPU
		{6BE50427-7C54-45DC-8DF8-F4FF397F5479}.Release|Any CPU.ActiveCfg = Release|Any CPU
		{E3E449A7-E9A4-484D-B1E4-BEB9AA5E28E4}.Debug|Any CPU.ActiveCfg = Debug|Any CPU
		{E3E449A7-E9A4-484D-B1E4-BEB9AA5E28E4}.Debug|Any CPU.Build.0 = Debug|Any CPU
		{E3E449A7-E9A4-484D-B1E4-BEB9AA5E28E4}.Debug|x64.ActiveCfg = Debug|Any CPU
		{E3E449A7-E9A4-484D-B1E4-BEB9AA5E28E4}.Debug|x64.Build.0 = Debug|Any CPU
		{E3E449A7-E9A4-484D-B1E4-BEB9AA5E28E4}.Debug|x86.ActiveCfg = Debug|Any CPU
		{E3E449A7-E9A4-484D-B1E4-BEB9AA5E28E4}.Debug|x86.Build.0 = Debug|Any CPU
		{E3E449A7-E9A4-484D-B1E4-BEB9AA5E28E4}.Release|Any CPU.ActiveCfg = Release|Any CPU
		{E3E449A7-E9A4-484D-B1E4-BEB9AA5E28E4}.Release|Any CPU.Build.0 = Release|Any CPU
		{E3E449A7-E9A4-484D-B1E4-BEB9AA5E28E4}.Release|x64.ActiveCfg = Release|Any CPU
		{E3E449A7-E9A4-484D-B1E4-BEB9AA5E28E4}.Release|x64.Build.0 = Release|Any CPU
		{E3E449A7-E9A4-484D-B1E4-BEB9AA5E28E4}.Release|x86.ActiveCfg = Release|Any CPU
		{E3E449A7-E9A4-484D-B1E4-BEB9AA5E28E4}.Release|x86.Build.0 = Release|Any CPU
		{43054685-3EE9-470D-83B4-204A2590B90B}.Debug|Any CPU.ActiveCfg = Debug|Any CPU
		{43054685-3EE9-470D-83B4-204A2590B90B}.Debug|Any CPU.Build.0 = Debug|Any CPU
		{43054685-3EE9-470D-83B4-204A2590B90B}.Debug|x64.ActiveCfg = Debug|Any CPU
		{43054685-3EE9-470D-83B4-204A2590B90B}.Debug|x64.Build.0 = Debug|Any CPU
		{43054685-3EE9-470D-83B4-204A2590B90B}.Debug|x86.ActiveCfg = Debug|Any CPU
		{43054685-3EE9-470D-83B4-204A2590B90B}.Debug|x86.Build.0 = Debug|Any CPU
		{43054685-3EE9-470D-83B4-204A2590B90B}.Release|Any CPU.ActiveCfg = Release|Any CPU
		{43054685-3EE9-470D-83B4-204A2590B90B}.Release|Any CPU.Build.0 = Release|Any CPU
		{43054685-3EE9-470D-83B4-204A2590B90B}.Release|x64.ActiveCfg = Release|Any CPU
		{43054685-3EE9-470D-83B4-204A2590B90B}.Release|x64.Build.0 = Release|Any CPU
		{43054685-3EE9-470D-83B4-204A2590B90B}.Release|x86.ActiveCfg = Release|Any CPU
		{43054685-3EE9-470D-83B4-204A2590B90B}.Release|x86.Build.0 = Release|Any CPU
		{C81CBD71-AC90-4F75-A2F1-721CC8B7F19A}.Debug|Any CPU.ActiveCfg = Debug|Any CPU
		{C81CBD71-AC90-4F75-A2F1-721CC8B7F19A}.Debug|Any CPU.Build.0 = Debug|Any CPU
		{C81CBD71-AC90-4F75-A2F1-721CC8B7F19A}.Debug|x64.ActiveCfg = Debug|Any CPU
		{C81CBD71-AC90-4F75-A2F1-721CC8B7F19A}.Debug|x64.Build.0 = Debug|Any CPU
		{C81CBD71-AC90-4F75-A2F1-721CC8B7F19A}.Debug|x86.ActiveCfg = Debug|Any CPU
		{C81CBD71-AC90-4F75-A2F1-721CC8B7F19A}.Debug|x86.Build.0 = Debug|Any CPU
		{C81CBD71-AC90-4F75-A2F1-721CC8B7F19A}.Release|Any CPU.ActiveCfg = Release|Any CPU
		{C81CBD71-AC90-4F75-A2F1-721CC8B7F19A}.Release|Any CPU.Build.0 = Release|Any CPU
		{C81CBD71-AC90-4F75-A2F1-721CC8B7F19A}.Release|x64.ActiveCfg = Release|Any CPU
		{C81CBD71-AC90-4F75-A2F1-721CC8B7F19A}.Release|x64.Build.0 = Release|Any CPU
		{C81CBD71-AC90-4F75-A2F1-721CC8B7F19A}.Release|x86.ActiveCfg = Release|Any CPU
		{C81CBD71-AC90-4F75-A2F1-721CC8B7F19A}.Release|x86.Build.0 = Release|Any CPU
		{0B0075BD-EFC5-45CE-BAAA-FFBD016756DD}.Debug|Any CPU.ActiveCfg = Debug|Any CPU
		{0B0075BD-EFC5-45CE-BAAA-FFBD016756DD}.Debug|Any CPU.Build.0 = Debug|Any CPU
		{0B0075BD-EFC5-45CE-BAAA-FFBD016756DD}.Debug|x64.ActiveCfg = Debug|Any CPU
		{0B0075BD-EFC5-45CE-BAAA-FFBD016756DD}.Debug|x64.Build.0 = Debug|Any CPU
		{0B0075BD-EFC5-45CE-BAAA-FFBD016756DD}.Debug|x86.ActiveCfg = Debug|Any CPU
		{0B0075BD-EFC5-45CE-BAAA-FFBD016756DD}.Debug|x86.Build.0 = Debug|Any CPU
		{0B0075BD-EFC5-45CE-BAAA-FFBD016756DD}.Release|Any CPU.ActiveCfg = Release|Any CPU
		{0B0075BD-EFC5-45CE-BAAA-FFBD016756DD}.Release|Any CPU.Build.0 = Release|Any CPU
		{0B0075BD-EFC5-45CE-BAAA-FFBD016756DD}.Release|x64.ActiveCfg = Release|Any CPU
		{0B0075BD-EFC5-45CE-BAAA-FFBD016756DD}.Release|x64.Build.0 = Release|Any CPU
		{0B0075BD-EFC5-45CE-BAAA-FFBD016756DD}.Release|x86.ActiveCfg = Release|Any CPU
		{0B0075BD-EFC5-45CE-BAAA-FFBD016756DD}.Release|x86.Build.0 = Release|Any CPU
		{B808F7E4-EC28-4452-835D-5B59997ABD79}.Debug|Any CPU.ActiveCfg = Debug|Any CPU
		{B808F7E4-EC28-4452-835D-5B59997ABD79}.Debug|Any CPU.Build.0 = Debug|Any CPU
		{B808F7E4-EC28-4452-835D-5B59997ABD79}.Debug|x64.ActiveCfg = Debug|Any CPU
		{B808F7E4-EC28-4452-835D-5B59997ABD79}.Debug|x64.Build.0 = Debug|Any CPU
		{B808F7E4-EC28-4452-835D-5B59997ABD79}.Debug|x86.ActiveCfg = Debug|Any CPU
		{B808F7E4-EC28-4452-835D-5B59997ABD79}.Debug|x86.Build.0 = Debug|Any CPU
		{B808F7E4-EC28-4452-835D-5B59997ABD79}.Release|Any CPU.ActiveCfg = Release|Any CPU
		{B808F7E4-EC28-4452-835D-5B59997ABD79}.Release|Any CPU.Build.0 = Release|Any CPU
		{B808F7E4-EC28-4452-835D-5B59997ABD79}.Release|x64.ActiveCfg = Release|Any CPU
		{B808F7E4-EC28-4452-835D-5B59997ABD79}.Release|x64.Build.0 = Release|Any CPU
		{B808F7E4-EC28-4452-835D-5B59997ABD79}.Release|x86.ActiveCfg = Release|Any CPU
		{B808F7E4-EC28-4452-835D-5B59997ABD79}.Release|x86.Build.0 = Release|Any CPU
		{2198FD19-0C78-4298-B40E-72B3892EAE4D}.Debug|Any CPU.ActiveCfg = Debug|Any CPU
		{2198FD19-0C78-4298-B40E-72B3892EAE4D}.Debug|Any CPU.Build.0 = Debug|Any CPU
		{2198FD19-0C78-4298-B40E-72B3892EAE4D}.Debug|x64.ActiveCfg = Debug|Any CPU
		{2198FD19-0C78-4298-B40E-72B3892EAE4D}.Debug|x64.Build.0 = Debug|Any CPU
		{2198FD19-0C78-4298-B40E-72B3892EAE4D}.Debug|x86.ActiveCfg = Debug|Any CPU
		{2198FD19-0C78-4298-B40E-72B3892EAE4D}.Debug|x86.Build.0 = Debug|Any CPU
		{2198FD19-0C78-4298-B40E-72B3892EAE4D}.Release|Any CPU.ActiveCfg = Release|Any CPU
		{2198FD19-0C78-4298-B40E-72B3892EAE4D}.Release|Any CPU.Build.0 = Release|Any CPU
		{2198FD19-0C78-4298-B40E-72B3892EAE4D}.Release|x64.ActiveCfg = Release|Any CPU
		{2198FD19-0C78-4298-B40E-72B3892EAE4D}.Release|x64.Build.0 = Release|Any CPU
		{2198FD19-0C78-4298-B40E-72B3892EAE4D}.Release|x86.ActiveCfg = Release|Any CPU
		{2198FD19-0C78-4298-B40E-72B3892EAE4D}.Release|x86.Build.0 = Release|Any CPU
		{3C4FBD04-DA8B-413F-8D06-D960C27213E7}.Debug|Any CPU.ActiveCfg = Debug|Any CPU
		{3C4FBD04-DA8B-413F-8D06-D960C27213E7}.Debug|Any CPU.Build.0 = Debug|Any CPU
		{3C4FBD04-DA8B-413F-8D06-D960C27213E7}.Debug|x64.ActiveCfg = Debug|Any CPU
		{3C4FBD04-DA8B-413F-8D06-D960C27213E7}.Debug|x64.Build.0 = Debug|Any CPU
		{3C4FBD04-DA8B-413F-8D06-D960C27213E7}.Debug|x86.ActiveCfg = Debug|Any CPU
		{3C4FBD04-DA8B-413F-8D06-D960C27213E7}.Debug|x86.Build.0 = Debug|Any CPU
		{3C4FBD04-DA8B-413F-8D06-D960C27213E7}.Release|Any CPU.ActiveCfg = Release|Any CPU
		{3C4FBD04-DA8B-413F-8D06-D960C27213E7}.Release|Any CPU.Build.0 = Release|Any CPU
		{3C4FBD04-DA8B-413F-8D06-D960C27213E7}.Release|x64.ActiveCfg = Release|Any CPU
		{3C4FBD04-DA8B-413F-8D06-D960C27213E7}.Release|x64.Build.0 = Release|Any CPU
		{3C4FBD04-DA8B-413F-8D06-D960C27213E7}.Release|x86.ActiveCfg = Release|Any CPU
		{3C4FBD04-DA8B-413F-8D06-D960C27213E7}.Release|x86.Build.0 = Release|Any CPU
		{11AAB854-F75C-4D44-BFBF-787127442944}.Debug|Any CPU.ActiveCfg = Debug|Any CPU
		{11AAB854-F75C-4D44-BFBF-787127442944}.Debug|Any CPU.Build.0 = Debug|Any CPU
		{11AAB854-F75C-4D44-BFBF-787127442944}.Debug|x64.ActiveCfg = Debug|Any CPU
		{11AAB854-F75C-4D44-BFBF-787127442944}.Debug|x64.Build.0 = Debug|Any CPU
		{11AAB854-F75C-4D44-BFBF-787127442944}.Debug|x86.ActiveCfg = Debug|Any CPU
		{11AAB854-F75C-4D44-BFBF-787127442944}.Debug|x86.Build.0 = Debug|Any CPU
		{11AAB854-F75C-4D44-BFBF-787127442944}.Release|Any CPU.ActiveCfg = Release|Any CPU
		{11AAB854-F75C-4D44-BFBF-787127442944}.Release|Any CPU.Build.0 = Release|Any CPU
		{11AAB854-F75C-4D44-BFBF-787127442944}.Release|x64.ActiveCfg = Release|Any CPU
		{11AAB854-F75C-4D44-BFBF-787127442944}.Release|x64.Build.0 = Release|Any CPU
		{11AAB854-F75C-4D44-BFBF-787127442944}.Release|x86.ActiveCfg = Release|Any CPU
		{11AAB854-F75C-4D44-BFBF-787127442944}.Release|x86.Build.0 = Release|Any CPU
		{9369C3BC-5B9F-490A-8E37-DC2B6D832D60}.Debug|Any CPU.ActiveCfg = Debug|Any CPU
		{9369C3BC-5B9F-490A-8E37-DC2B6D832D60}.Debug|Any CPU.Build.0 = Debug|Any CPU
		{9369C3BC-5B9F-490A-8E37-DC2B6D832D60}.Debug|x64.ActiveCfg = Debug|Any CPU
		{9369C3BC-5B9F-490A-8E37-DC2B6D832D60}.Debug|x64.Build.0 = Debug|Any CPU
		{9369C3BC-5B9F-490A-8E37-DC2B6D832D60}.Debug|x86.ActiveCfg = Debug|Any CPU
		{9369C3BC-5B9F-490A-8E37-DC2B6D832D60}.Debug|x86.Build.0 = Debug|Any CPU
		{9369C3BC-5B9F-490A-8E37-DC2B6D832D60}.Release|Any CPU.ActiveCfg = Release|Any CPU
		{9369C3BC-5B9F-490A-8E37-DC2B6D832D60}.Release|Any CPU.Build.0 = Release|Any CPU
		{9369C3BC-5B9F-490A-8E37-DC2B6D832D60}.Release|x64.ActiveCfg = Release|Any CPU
		{9369C3BC-5B9F-490A-8E37-DC2B6D832D60}.Release|x64.Build.0 = Release|Any CPU
		{9369C3BC-5B9F-490A-8E37-DC2B6D832D60}.Release|x86.ActiveCfg = Release|Any CPU
		{9369C3BC-5B9F-490A-8E37-DC2B6D832D60}.Release|x86.Build.0 = Release|Any CPU
		{A04E74C4-7638-4062-895C-171934151433}.Debug|Any CPU.ActiveCfg = Debug|Any CPU
		{A04E74C4-7638-4062-895C-171934151433}.Debug|Any CPU.Build.0 = Debug|Any CPU
		{A04E74C4-7638-4062-895C-171934151433}.Debug|x64.ActiveCfg = Debug|Any CPU
		{A04E74C4-7638-4062-895C-171934151433}.Debug|x64.Build.0 = Debug|Any CPU
		{A04E74C4-7638-4062-895C-171934151433}.Debug|x86.ActiveCfg = Debug|Any CPU
		{A04E74C4-7638-4062-895C-171934151433}.Debug|x86.Build.0 = Debug|Any CPU
		{A04E74C4-7638-4062-895C-171934151433}.Release|Any CPU.ActiveCfg = Release|Any CPU
		{A04E74C4-7638-4062-895C-171934151433}.Release|Any CPU.Build.0 = Release|Any CPU
		{A04E74C4-7638-4062-895C-171934151433}.Release|x64.ActiveCfg = Release|Any CPU
		{A04E74C4-7638-4062-895C-171934151433}.Release|x64.Build.0 = Release|Any CPU
		{A04E74C4-7638-4062-895C-171934151433}.Release|x86.ActiveCfg = Release|Any CPU
		{A04E74C4-7638-4062-895C-171934151433}.Release|x86.Build.0 = Release|Any CPU
		{CF0CB5A8-1537-471A-BFFC-ECCA004EBB76}.Debug|Any CPU.ActiveCfg = Debug|Any CPU
		{CF0CB5A8-1537-471A-BFFC-ECCA004EBB76}.Debug|Any CPU.Build.0 = Debug|Any CPU
		{CF0CB5A8-1537-471A-BFFC-ECCA004EBB76}.Debug|x64.ActiveCfg = Debug|Any CPU
		{CF0CB5A8-1537-471A-BFFC-ECCA004EBB76}.Debug|x64.Build.0 = Debug|Any CPU
		{CF0CB5A8-1537-471A-BFFC-ECCA004EBB76}.Debug|x86.ActiveCfg = Debug|Any CPU
		{CF0CB5A8-1537-471A-BFFC-ECCA004EBB76}.Debug|x86.Build.0 = Debug|Any CPU
		{CF0CB5A8-1537-471A-BFFC-ECCA004EBB76}.Release|Any CPU.ActiveCfg = Release|Any CPU
		{CF0CB5A8-1537-471A-BFFC-ECCA004EBB76}.Release|Any CPU.Build.0 = Release|Any CPU
		{CF0CB5A8-1537-471A-BFFC-ECCA004EBB76}.Release|x64.ActiveCfg = Release|Any CPU
		{CF0CB5A8-1537-471A-BFFC-ECCA004EBB76}.Release|x64.Build.0 = Release|Any CPU
		{CF0CB5A8-1537-471A-BFFC-ECCA004EBB76}.Release|x86.ActiveCfg = Release|Any CPU
		{CF0CB5A8-1537-471A-BFFC-ECCA004EBB76}.Release|x86.Build.0 = Release|Any CPU
		{6776AB5A-14A2-4396-8F3E-AFB3D4EABE45}.Debug|Any CPU.ActiveCfg = Debug|Any CPU
		{6776AB5A-14A2-4396-8F3E-AFB3D4EABE45}.Debug|Any CPU.Build.0 = Debug|Any CPU
		{6776AB5A-14A2-4396-8F3E-AFB3D4EABE45}.Debug|x64.ActiveCfg = Debug|Any CPU
		{6776AB5A-14A2-4396-8F3E-AFB3D4EABE45}.Debug|x64.Build.0 = Debug|Any CPU
		{6776AB5A-14A2-4396-8F3E-AFB3D4EABE45}.Debug|x86.ActiveCfg = Debug|Any CPU
		{6776AB5A-14A2-4396-8F3E-AFB3D4EABE45}.Debug|x86.Build.0 = Debug|Any CPU
		{6776AB5A-14A2-4396-8F3E-AFB3D4EABE45}.Release|Any CPU.ActiveCfg = Release|Any CPU
		{6776AB5A-14A2-4396-8F3E-AFB3D4EABE45}.Release|Any CPU.Build.0 = Release|Any CPU
		{6776AB5A-14A2-4396-8F3E-AFB3D4EABE45}.Release|x64.ActiveCfg = Release|Any CPU
		{6776AB5A-14A2-4396-8F3E-AFB3D4EABE45}.Release|x64.Build.0 = Release|Any CPU
		{6776AB5A-14A2-4396-8F3E-AFB3D4EABE45}.Release|x86.ActiveCfg = Release|Any CPU
		{6776AB5A-14A2-4396-8F3E-AFB3D4EABE45}.Release|x86.Build.0 = Release|Any CPU
		{CE97C392-0F7C-4F5D-B701-297D6AB2053F}.Debug|Any CPU.ActiveCfg = Debug|Any CPU
		{CE97C392-0F7C-4F5D-B701-297D6AB2053F}.Debug|Any CPU.Build.0 = Debug|Any CPU
		{CE97C392-0F7C-4F5D-B701-297D6AB2053F}.Debug|x64.ActiveCfg = Debug|Any CPU
		{CE97C392-0F7C-4F5D-B701-297D6AB2053F}.Debug|x64.Build.0 = Debug|Any CPU
		{CE97C392-0F7C-4F5D-B701-297D6AB2053F}.Debug|x86.ActiveCfg = Debug|Any CPU
		{CE97C392-0F7C-4F5D-B701-297D6AB2053F}.Debug|x86.Build.0 = Debug|Any CPU
		{CE97C392-0F7C-4F5D-B701-297D6AB2053F}.Release|Any CPU.ActiveCfg = Release|Any CPU
		{CE97C392-0F7C-4F5D-B701-297D6AB2053F}.Release|Any CPU.Build.0 = Release|Any CPU
		{CE97C392-0F7C-4F5D-B701-297D6AB2053F}.Release|x64.ActiveCfg = Release|Any CPU
		{CE97C392-0F7C-4F5D-B701-297D6AB2053F}.Release|x64.Build.0 = Release|Any CPU
		{CE97C392-0F7C-4F5D-B701-297D6AB2053F}.Release|x86.ActiveCfg = Release|Any CPU
		{CE97C392-0F7C-4F5D-B701-297D6AB2053F}.Release|x86.Build.0 = Release|Any CPU
		{76447AA1-ED28-4821-B338-E95585EA8662}.Debug|Any CPU.ActiveCfg = Debug|Any CPU
		{76447AA1-ED28-4821-B338-E95585EA8662}.Debug|Any CPU.Build.0 = Debug|Any CPU
		{76447AA1-ED28-4821-B338-E95585EA8662}.Debug|x64.ActiveCfg = Debug|Any CPU
		{76447AA1-ED28-4821-B338-E95585EA8662}.Debug|x64.Build.0 = Debug|Any CPU
		{76447AA1-ED28-4821-B338-E95585EA8662}.Debug|x86.ActiveCfg = Debug|Any CPU
		{76447AA1-ED28-4821-B338-E95585EA8662}.Debug|x86.Build.0 = Debug|Any CPU
		{76447AA1-ED28-4821-B338-E95585EA8662}.Release|Any CPU.ActiveCfg = Release|Any CPU
		{76447AA1-ED28-4821-B338-E95585EA8662}.Release|Any CPU.Build.0 = Release|Any CPU
		{76447AA1-ED28-4821-B338-E95585EA8662}.Release|x64.ActiveCfg = Release|Any CPU
		{76447AA1-ED28-4821-B338-E95585EA8662}.Release|x64.Build.0 = Release|Any CPU
		{76447AA1-ED28-4821-B338-E95585EA8662}.Release|x86.ActiveCfg = Release|Any CPU
		{76447AA1-ED28-4821-B338-E95585EA8662}.Release|x86.Build.0 = Release|Any CPU
		{E4BF40D8-53FA-41CA-AB57-D055A55949F4}.Debug|Any CPU.ActiveCfg = Debug|Any CPU
		{E4BF40D8-53FA-41CA-AB57-D055A55949F4}.Debug|Any CPU.Build.0 = Debug|Any CPU
		{E4BF40D8-53FA-41CA-AB57-D055A55949F4}.Debug|x64.ActiveCfg = Debug|Any CPU
		{E4BF40D8-53FA-41CA-AB57-D055A55949F4}.Debug|x64.Build.0 = Debug|Any CPU
		{E4BF40D8-53FA-41CA-AB57-D055A55949F4}.Debug|x86.ActiveCfg = Debug|Any CPU
		{E4BF40D8-53FA-41CA-AB57-D055A55949F4}.Debug|x86.Build.0 = Debug|Any CPU
		{E4BF40D8-53FA-41CA-AB57-D055A55949F4}.Release|Any CPU.ActiveCfg = Release|Any CPU
		{E4BF40D8-53FA-41CA-AB57-D055A55949F4}.Release|Any CPU.Build.0 = Release|Any CPU
		{E4BF40D8-53FA-41CA-AB57-D055A55949F4}.Release|x64.ActiveCfg = Release|Any CPU
		{E4BF40D8-53FA-41CA-AB57-D055A55949F4}.Release|x64.Build.0 = Release|Any CPU
		{E4BF40D8-53FA-41CA-AB57-D055A55949F4}.Release|x86.ActiveCfg = Release|Any CPU
		{E4BF40D8-53FA-41CA-AB57-D055A55949F4}.Release|x86.Build.0 = Release|Any CPU
		{8F4022B5-957B-4677-B0B9-6270535B78A2}.Debug|Any CPU.ActiveCfg = Debug|Any CPU
		{8F4022B5-957B-4677-B0B9-6270535B78A2}.Debug|Any CPU.Build.0 = Debug|Any CPU
		{8F4022B5-957B-4677-B0B9-6270535B78A2}.Debug|x64.ActiveCfg = Debug|Any CPU
		{8F4022B5-957B-4677-B0B9-6270535B78A2}.Debug|x64.Build.0 = Debug|Any CPU
		{8F4022B5-957B-4677-B0B9-6270535B78A2}.Debug|x86.ActiveCfg = Debug|Any CPU
		{8F4022B5-957B-4677-B0B9-6270535B78A2}.Debug|x86.Build.0 = Debug|Any CPU
		{8F4022B5-957B-4677-B0B9-6270535B78A2}.Release|Any CPU.ActiveCfg = Release|Any CPU
		{8F4022B5-957B-4677-B0B9-6270535B78A2}.Release|Any CPU.Build.0 = Release|Any CPU
		{8F4022B5-957B-4677-B0B9-6270535B78A2}.Release|x64.ActiveCfg = Release|Any CPU
		{8F4022B5-957B-4677-B0B9-6270535B78A2}.Release|x64.Build.0 = Release|Any CPU
		{8F4022B5-957B-4677-B0B9-6270535B78A2}.Release|x86.ActiveCfg = Release|Any CPU
		{8F4022B5-957B-4677-B0B9-6270535B78A2}.Release|x86.Build.0 = Release|Any CPU
		{85D85532-1CCB-430B-81C1-920CC42643AE}.Debug|Any CPU.ActiveCfg = Debug|Any CPU
		{85D85532-1CCB-430B-81C1-920CC42643AE}.Debug|Any CPU.Build.0 = Debug|Any CPU
		{85D85532-1CCB-430B-81C1-920CC42643AE}.Debug|x64.ActiveCfg = Debug|Any CPU
		{85D85532-1CCB-430B-81C1-920CC42643AE}.Debug|x64.Build.0 = Debug|Any CPU
		{85D85532-1CCB-430B-81C1-920CC42643AE}.Debug|x86.ActiveCfg = Debug|Any CPU
		{85D85532-1CCB-430B-81C1-920CC42643AE}.Debug|x86.Build.0 = Debug|Any CPU
		{85D85532-1CCB-430B-81C1-920CC42643AE}.Release|Any CPU.ActiveCfg = Release|Any CPU
		{85D85532-1CCB-430B-81C1-920CC42643AE}.Release|Any CPU.Build.0 = Release|Any CPU
		{85D85532-1CCB-430B-81C1-920CC42643AE}.Release|x64.ActiveCfg = Release|Any CPU
		{85D85532-1CCB-430B-81C1-920CC42643AE}.Release|x64.Build.0 = Release|Any CPU
		{85D85532-1CCB-430B-81C1-920CC42643AE}.Release|x86.ActiveCfg = Release|Any CPU
		{85D85532-1CCB-430B-81C1-920CC42643AE}.Release|x86.Build.0 = Release|Any CPU
	EndGlobalSection
	GlobalSection(NestedProjects) = preSolution
		{E3E449A7-E9A4-484D-B1E4-BEB9AA5E28E4} = {CB50409A-8429-4413-BCDB-7F3BAE571294}
		{43054685-3EE9-470D-83B4-204A2590B90B} = {CB50409A-8429-4413-BCDB-7F3BAE571294}
		{C81CBD71-AC90-4F75-A2F1-721CC8B7F19A} = {CB50409A-8429-4413-BCDB-7F3BAE571294}
		{0B0075BD-EFC5-45CE-BAAA-FFBD016756DD} = {CB50409A-8429-4413-BCDB-7F3BAE571294}
		{B808F7E4-EC28-4452-835D-5B59997ABD79} = {ACAB687A-4DE1-48FA-9FCC-BEA7A0DC9CFE}
		{2198FD19-0C78-4298-B40E-72B3892EAE4D} = {ACAB687A-4DE1-48FA-9FCC-BEA7A0DC9CFE}
		{3C4FBD04-DA8B-413F-8D06-D960C27213E7} = {31D10FDB-9CC0-40E1-AFAC-7B13E538C3E7}
		{11AAB854-F75C-4D44-BFBF-787127442944} = {31D10FDB-9CC0-40E1-AFAC-7B13E538C3E7}
		{9369C3BC-5B9F-490A-8E37-DC2B6D832D60} = {31D10FDB-9CC0-40E1-AFAC-7B13E538C3E7}
		{A04E74C4-7638-4062-895C-171934151433} = {31D10FDB-9CC0-40E1-AFAC-7B13E538C3E7}
		{CF0CB5A8-1537-471A-BFFC-ECCA004EBB76} = {437AD18F-7110-417A-ADAC-31D08866BD03}
		{6776AB5A-14A2-4396-8F3E-AFB3D4EABE45} = {437AD18F-7110-417A-ADAC-31D08866BD03}
		{CE97C392-0F7C-4F5D-B701-297D6AB2053F} = {437AD18F-7110-417A-ADAC-31D08866BD03}
		{76447AA1-ED28-4821-B338-E95585EA8662} = {437AD18F-7110-417A-ADAC-31D08866BD03}
		{E4BF40D8-53FA-41CA-AB57-D055A55949F4} = {67E3B7C2-7217-4E6C-A821-5559209166E2}
		{8F4022B5-957B-4677-B0B9-6270535B78A2} = {67E3B7C2-7217-4E6C-A821-5559209166E2}
		{85D85532-1CCB-430B-81C1-920CC42643AE} = {67E3B7C2-7217-4E6C-A821-5559209166E2}
	EndGlobalSection
EndGlobal
